
Microsoft Visual Studio Solution File, Format Version 12.00
# Visual Studio Version 17
VisualStudioVersion = 17.10.35027.167
MinimumVisualStudioVersion = 10.0.40219.1
Project("{9A19103F-16F7-4668-BE54-9A1E7A4F7556}") = "Blog.Api", "Blog.Api\Blog.Api.csproj", "{418241D7-5910-41FA-9FCF-59DB5F44893F}"
EndProject
Project("{2150E333-8FDC-42A3-9474-1A3956D46DE8}") = "Solution Items", "Solution Items", "{579E0059-1DDE-46FA-883F-597828DB4FD7}"
	ProjectSection(SolutionItems) = preProject
		.editorconfig = .editorconfig
	EndProjectSection
EndProject
Global
	GlobalSection(SolutionConfigurationPlatforms) = preSolution
		Debug|Any CPU = Debug|Any CPU
		Release|Any CPU = Release|Any CPU
	EndGlobalSection
	GlobalSection(ProjectConfigurationPlatforms) = postSolution
		{418241D7-5910-41FA-9FCF-59DB5F44893F}.Debug|Any CPU.ActiveCfg = Debug|Any CPU
		{418241D7-5910-41FA-9FCF-59DB5F44893F}.Debug|Any CPU.Build.0 = Debug|Any CPU
		{418241D7-5910-41FA-9FCF-59DB5F44893F}.Release|Any CPU.ActiveCfg = Release|Any CPU
		{418241D7-5910-41FA-9FCF-59DB5F44893F}.Release|Any CPU.Build.0 = Release|Any CPU
	EndGlobalSection
	GlobalSection(SolutionProperties) = preSolution
		HideSolutionNode = FALSE
	EndGlobalSection
	GlobalSection(ExtensibilityGlobals) = postSolution
		SolutionGuid = {A955FD02-F67E-4E7A-9FB4-73CB3F807303}
	EndGlobalSection
EndGlobal
